
Microsoft Visual Studio Solution File, Format Version 12.00
# Visual Studio Version 17
VisualStudioVersion = 17.12.35707.178 d17.12
MinimumVisualStudioVersion = 10.0.40219.1
Project("{FAE04EC0-301F-11D3-BF4B-00C04F79EFBC}") = "sge_api", "sge_api.csproj", "{93158E60-47BF-48D2-9A9F-DDA14FD57360}"
EndProject
Global
	GlobalSection(SolutionConfigurationPlatforms) = preSolution
		Debug|Any CPU = Debug|Any CPU
		Release|Any CPU = Release|Any CPU
	EndGlobalSection
	GlobalSection(ProjectConfigurationPlatforms) = postSolution
		{93158E60-47BF-48D2-9A9F-DDA14FD57360}.Debug|Any CPU.ActiveCfg = Debug|Any CPU
		{93158E60-47BF-48D2-9A9F-DDA14FD57360}.Debug|Any CPU.Build.0 = Debug|Any CPU
		{93158E60-47BF-48D2-9A9F-DDA14FD57360}.Release|Any CPU.ActiveCfg = Release|Any CPU
		{93158E60-47BF-48D2-9A9F-DDA14FD57360}.Release|Any CPU.Build.0 = Release|Any CPU
	EndGlobalSection
	GlobalSection(SolutionProperties) = preSolution
		HideSolutionNode = FALSE
	EndGlobalSection
EndGlobal
